
Microsoft Visual Studio Solution File, Format Version 12.00
# Visual Studio Version 17
VisualStudioVersion = 17.14.36511.14 d17.14
MinimumVisualStudioVersion = 10.0.40219.1
Project("{FAE04EC0-301F-11D3-BF4B-00C04F79EFBC}") = "Zentik", "Zentik.csproj", "{3AF4C1D4-D9FE-4C5C-8B83-C8D7E88EA50B}"
EndProject
Global
	GlobalSection(SolutionConfigurationPlatforms) = preSolution
		Debug|Any CPU = Debug|Any CPU
		Release|Any CPU = Release|Any CPU
	EndGlobalSection
	GlobalSection(ProjectConfigurationPlatforms) = postSolution
		{3AF4C1D4-D9FE-4C5C-8B83-C8D7E88EA50B}.Debug|Any CPU.ActiveCfg = Debug|Any CPU
		{3AF4C1D4-D9FE-4C5C-8B83-C8D7E88EA50B}.Debug|Any CPU.Build.0 = Debug|Any CPU
		{3AF4C1D4-D9FE-4C5C-8B83-C8D7E88EA50B}.Release|Any CPU.ActiveCfg = Release|Any CPU
		{3AF4C1D4-D9FE-4C5C-8B83-C8D7E88EA50B}.Release|Any CPU.Build.0 = Release|Any CPU
	EndGlobalSection
	GlobalSection(SolutionProperties) = preSolution
		HideSolutionNode = FALSE
	EndGlobalSection
	GlobalSection(ExtensibilityGlobals) = postSolution
		SolutionGuid = {6F275600-7878-4DA6-B27A-BE2CEAFD7EE0}
	EndGlobalSection
EndGlobal
